{
  "lockfileVersion": 1,
  "configVersion": 1,
  "workspaces": {
    "": {
      "name": "@workspace/api",
      "dependencies": {
        "@ai-sdk/openai-compatible": "^3.0.60",
        "@hono/zod-openapi": "^1.6.3",
        "@scalar/hono-api-reference": "^0.12.7",
        "ai": "^7.0.123",
        "hono": "^4.13.11",
        "zod": "^4.6.5",
      },
      "devDependencies": {
        "@types/bun": "^1.4.2",
        "typescript": "5.9.2",
      },
    },
  },
  "packages": {
    "@ai-sdk/gateway": ["@ai-sdk/gateway@4.0.101", "", { "dependencies": { "@ai-sdk/provider": "4.0.20", "@ai-sdk/provider-utils": "5.0.52", "@vercel/oidc": "3.2.0" }, "peerDependencies": { "zod": "^3.25.76 || ^4.1.8" } }, "sha512-lBMXWbNSAb3eQD/F8ja9Egi32PsL9lLajC4DUvionnWO8V+X0nYw9hWJVBJdZ0SftfE/OyKySkoHRfIg/UafYg=="],

    "@ai-sdk/openai-compatible": ["@ai-sdk/openai-compatible@3.0.60", "", { "dependencies": { "@ai-sdk/provider": "4.0.20", "@ai-sdk/provider-utils": "5.0.52" }, "peerDependencies": { "zod": "^3.25.76 || ^4.1.8" } }, "sha512-+yuu4jzanve1HQI0YQXS+nvhX6kc4v5O1f7u355fSxytrLrFfxR42Mgl1uJPaEQTVxR+cyyA2NV5lUFxv7Maiw=="],

    "@ai-sdk/provider": ["@ai-sdk/provider@4.0.20", "", { "dependencies": { "json-schema": "^0.4.0" } }, "sha512-daWW1Jxnvcn6+VhUuPqR7i5DtbdontcPCC5pH3QYU2r/x0hl31AIGiejWThGU499pJYA9DzwnBm+tc3EMKQeLQ=="],

    "@ai-sdk/provider-utils": ["@ai-sdk/provider-utils@5.0.52", "", { "dependencies": { "@ai-sdk/provider": "4.0.20", "@standard-schema/spec": "^1.1.0", "@workflow/serde": "4.1.0", "eventsource-parser": "^3.0.8", "undici": "^7.29.0" }, "peerDependencies": { "zod": "^3.25.76 || ^4.1.8" } }, "sha512-PWWa14kVJlBj/G4E85D+IMM28H9W9SC3cQ/yyRHTMzRmtLkNgmDOLhSYBJ9ZT+w83a+DQ9+QIcCaY36iuD89mw=="],

    "@asteasolutions/zod-to-openapi": ["@asteasolutions/zod-to-openapi@9.1.0", "", { "dependencies": { "openapi3-ts": "^4.6.0" }, "peerDependencies": { "zod": "^4.0.0" } }, "sha512-pLMeRgRYS7/vZIgAAkOe2P6+XGTifR1MT9pqDoxZ11EmcJJ+DPmdPqLN8ZZF4U8R9KHCCQCS9c2wtuE8wSrfkw=="],

    "@hono/zod-openapi": ["@hono/zod-openapi@1.6.3", "", { "dependencies": { "@asteasolutions/zod-to-openapi": "^9.1.0", "@hono/zod-validator": "^0.9.1", "openapi3-ts": "^4.5.0" }, "peerDependencies": { "hono": ">=4.10.0", "zod": "^4.0.0" } }, "sha512-VYR82Y60plu8g3pN60OUXMVKpmxh3R04Qs++3DY9vtwZ9/sA/BRY0PcRIR+Z37/3itWtM7pYwT9bKiH9JhqV6Q=="],

    "@hono/zod-validator": ["@hono/zod-validator@0.9.1", "", { "peerDependencies": { "hono": ">=4.11.2", "zod": "^3.25.0 || ^4.0.0" } }, "sha512-iiv6w0qrIc0arfvCtUqBWsvl4fXjzaTcQcCJTTtCnkawF9HHGE+KjEl0ox3gQJ6rKZEgE3mLExlQCF72M+mNuw=="],

    "@scalar/client-side-rendering": ["@scalar/client-side-rendering@0.4.6", "", { "dependencies": { "@scalar/helpers": "0.16.0", "@scalar/schemas": "0.12.2", "@scalar/types": "0.22.2", "@scalar/validation": "0.6.5" } }, "sha512-dJtecEsMRli/g6RRXCsoDwnBFivAnIcWsX+DVjzLuLyAwxvdlxNVI8abvg5aV1XcRKoKVYjbiz7lJsLiu7eH5g=="],

    "@scalar/helpers": ["@scalar/helpers@0.16.0", "", {}, "sha512-lCBNB3hN8sGfUghz5AK5r63G+1/x4PHSgjH9asJVWne5e1tnKkti5eaejPLgy8didpAZsyXEp744xIosoWu9AA=="],

    "@scalar/hono-api-reference": ["@scalar/hono-api-reference@0.12.7", "", { "dependencies": { "@scalar/client-side-rendering": "0.4.6" }, "peerDependencies": { "hono": "^4.12.5" } }, "sha512-Z2sLdldlJP+LDpXTDrLIkFfGHxYN3xrVIM/uCa09SrQ0+ENbk+pSWRgFBt7PvqbJ0V5yRJ1K8PGtaYU8B1UjDQ=="],

    "@scalar/schemas": ["@scalar/schemas@0.12.2", "", { "dependencies": { "@scalar/helpers": "0.16.0", "@scalar/validation": "0.6.5" } }, "sha512-LIqqT0G7Chj57h1XY1FC3mOJriqNvPOg41V8NOsWGP/VCHCL/lg6K+D3ejwUg4mYNR3TTYaQARlr630mzqKgDA=="],

    "@scalar/types": ["@scalar/types@0.22.2", "", { "dependencies": { "@scalar/helpers": "0.16.0", "nanoid": "^5.1.6", "type-fest": "^5.8.0", "zod": "^4.4.3" } }, "sha512-WxWEO4MJXhzgpt/vviWVNaB4edonoqETs2pKRlCxOM1+ISwy2OXEIcDF921nqw9woOpA9s3Qidq4En+5hzpHaA=="],

    "@scalar/validation": ["@scalar/validation@0.6.5", "", {}, "sha512-t/dtbqesbOLsTusFI2kXfiFEQOiZC7+oAY+jZnE82Y64xLamo/1KrZpta8GkuAfIHyeOHOx5bDFid04eO13MIg=="],

    "@standard-schema/spec": ["@standard-schema/spec@1.1.0", "", {}, "sha512-l2aFy5jALhniG5HgqrD6jXLi/rUWrKvqN/qJx6yoJsgKhblVd+iqqU4RCXavm/jPityDo5TCvKMnpjKnOriy0w=="],

    "@types/bun": ["@types/bun@1.4.2", "", { "dependencies": { "bun-types": "1.4.2" } }, "sha512-GimotNn7+ZV0uVArItBbriZsR1oNf0+WTzPkdcFrzShI7k2norL0uzEaJT8T33dWr7O/c9ZDuAFQrctKCi72oQ=="],

    "@types/node": ["@types/node@26.6.3", "", { "dependencies": { "undici-types": "~8.9.0" } }, "sha512-dsqMQQoeTLqu9wynDD00q573mNzso3IdQOAfHRJqLCcmCFPoGo9A1bDpUcv/9tnKpErQWv9uKeGfl37EIS02Yg=="],

    "@vercel/oidc": ["@vercel/oidc@3.2.0", "", {}, "sha512-UycprH3T6n3jH0k44NHMa7pnFHGu/N05MjojYr+Mc6I7obkoLIJujSWwin1pCvdy/eOxrI/l3uDLQsmcrOb4ug=="],

    "@workflow/serde": ["@workflow/serde@4.1.0", "", {}, "sha512-pav4F2BoirECWR7Nf1TKt+2eETcBj7jj4cBefQ8VXQCA6NPkaKeLfj/zMgi+3zYV5ZIBT4GuUiphsj0/b9hPQQ=="],

    "ai": ["ai@7.0.123", "", { "dependencies": { "@ai-sdk/gateway": "4.0.101", "@ai-sdk/provider": "4.0.20", "@ai-sdk/provider-utils": "5.0.52" }, "peerDependencies": { "zod": "^3.25.76 || ^4.1.8" } }, "sha512-blyApVMNpQfendoGLAQRjQgh0EdbwhAI4SJYBTS4Dw+BygPzdj/Pcgt6AaClvy5+ibV8v+d+k8PABam0QxORtw=="],

    "bun-types": ["bun-types@1.4.2", "", { "dependencies": { "@types/node": "*" } }, "sha512-bxV1FgK7yBIzjRe5zBozIM4Bem11ZJcCXSrjWRG3YWLt8yFDePu4cLjpebO8OvPeIE9trbyPF4fuj3Cia4Fj3w=="],

    "eventsource-parser": ["eventsource-parser@3.1.1", "", {}, "sha512-EKN1vKAMcZ8MlYMpaNuxN6R9yakzH6uajHcHVTqWJzvu5pWw9DyhbP35HH8MVBQ+dZjAfDxk+A8NiR9KWaXiyQ=="],

    "hono": ["hono@4.13.11", "", {}, "sha512-/SMX/RQNJn7oNmFwH6DtwDqcrzZU2otm1FD6OJe2cWF6cfy/F8hq0XVBv7xW3FTJshRQwuBnXHDq2kNsdZnshg=="],

    "json-schema": ["json-schema@0.4.0", "", {}, "sha512-es94M3nTIfsEPisRafak+HDLfHXnKBhV3vU5eqPcS3flIWqcxJWgXHXiey3YrpaNsanY5ei1VoYEbOzijuq9BA=="],

    "nanoid": ["nanoid@5.1.16", "", { "bin": { "nanoid": "bin/nanoid.js" } }, "sha512-kVrnsrJqMR8+oLJnGEmSWw9BivK5mt7H3FZatVRjrc5wGqFYuBxX1yG7+A7Gi5AefkX6t/oCkizcQgpu0cY1dQ=="],

    "openapi3-ts": ["openapi3-ts@4.6.1", "", { "dependencies": { "yaml": "^2.9.0" } }, "sha512-XW9MOldkhoICNeXVzzmXzmOW5G73ppOEGmh7fLCqHjgfdEYCGGN+00MlVCeUZgovjjfC56j9tvtDt1zGabNjjA=="],

    "tagged-tag": ["tagged-tag@1.0.0", "", {}, "sha512-yEFYrVhod+hdNyx7g5Bnkkb0G6si8HJurOoOEgC8B/O0uXLHlaey/65KRv6cuWBNhBgHKAROVpc7QyYqE5gFng=="],

    "type-fest": ["type-fest@5.10.0", "", { "dependencies": { "tagged-tag": "^1.0.0" } }, "sha512-NoSdpq/WEiAg5sjmBkmV/hfxv6HJH4NqPNrqjtSO5CwRmpsDfaf4begxW34KdJykH/l1yHtwBWQkCRdoXO8mPA=="],

    "typescript": ["typescript@5.9.2", "", { "bin": { "tsc": "bin/tsc", "tsserver": "bin/tsserver" } }, "sha512-CWBzXQrc/qOkhidw1OzBTQuYRbfyxDXJMVJ1XNwUHGROVmuaeiEm3OslpZ1RV96d7SKKjZKrSJu3+t/xlw3R9A=="],

    "undici": ["undici@7.30.0", "", {}, "sha512-dkrQXeHSaoamnItlYbmzG0wFYrM0ZwDxCIg0A7aKjTyyhh9svRzCNFEzV+Vm05/yehjCzjDZ31KXfGEjYSztDQ=="],

    "undici-types": ["undici-types@8.9.0", "", {}, "sha512-KTDyRTYX8sWmKXAikPHHSyc63CRPETMctyjKFupcC6OBLXT3xsN0e9aF7m+mIXutFWpUXuedtowG7iLOzp0kQg=="],

    "yaml": ["yaml@2.9.1", "", { "bin": { "yaml": "bin.mjs" } }, "sha512-3NxN8+78OdzbT7C/WjGsyfPAtJaN3FNDsWxv7Y7mcDsT/oOmgW8BpyQQFFBnvZE3j9Y2Sdz1ULFLezL7Eb2yFw=="],

    "zod": ["zod@4.6.5", "", {}, "sha512-v5l/aFXZQeai4awLbOpSoHecE9UiMrnfx75tEXLjNonXVARxQ5mOeipTjROUchszUNCqnE+hqAMujRsRHsut2Q=="],
  }
}
